// !$*UTF8*$!
{
	archiveVersion = 1;
	classes = {
	};
	objectVersion = 56;
	objects = {

/* Begin PBXBuildFile section */
		A10000000000000000000001 /* KeynoteGPTApp.swift in Sources */ = {isa = PBXBuildFile; fileRef = A20000000000000000000001 /* KeynoteGPTApp.swift */; };
		A10000000000000000000002 /* ContentView.swift in Sources */ = {isa = PBXBuildFile; fileRef = A20000000000000000000002 /* ContentView.swift */; };
		A10000000000000000000003 /* SettingsView.swift in Sources */ = {isa = PBXBuildFile; fileRef = A20000000000000000000003 /* SettingsView.swift */; };
		A10000000000000000000004 /* ChatMessage.swift in Sources */ = {isa = PBXBuildFile; fileRef = A20000000000000000000004 /* ChatMessage.swift */; };
		A10000000000000000000005 /* AppSettings.swift in Sources */ = {isa = PBXBuildFile; fileRef = A20000000000000000000005 /* AppSettings.swift */; };
		A10000000000000000000006 /* ActionModels.swift in Sources */ = {isa = PBXBuildFile; fileRef = A20000000000000000000006 /* ActionModels.swift */; };
		A10000000000000000000007 /* OllamaClient.swift in Sources */ = {isa = PBXBuildFile; fileRef = A20000000000000000000007 /* OllamaClient.swift */; };
		A10000000000000000000008 /* KeynoteBridge.swift in Sources */ = {isa = PBXBuildFile; fileRef = A20000000000000000000008 /* KeynoteBridge.swift */; };
		A10000000000000000000009 /* ActionParser.swift in Sources */ = {isa = PBXBuildFile; fileRef = A20000000000000000000009 /* ActionParser.swift */; };
		A1000000000000000000000A /* PromptLoader.swift in Sources */ = {isa = PBXBuildFile; fileRef = A2000000000000000000000A /* PromptLoader.swift */; };
		A1000000000000000000000B /* AgentOrchestrator.swift in Sources */ = {isa = PBXBuildFile; fileRef = A2000000000000000000000B /* AgentOrchestrator.swift */; };
		A1000000000000000000000C /* Assets.xcassets in Resources */ = {isa = PBXBuildFile; fileRef = A2000000000000000000000C /* Assets.xcassets */; };
		A1000000000000000000000D /* system_prompt_rules.txt in Resources */ = {isa = PBXBuildFile; fileRef = A2000000000000000000000D /* system_prompt_rules.txt */; };
		A1000000000000000000000E /* action_schema.txt in Resources */ = {isa = PBXBuildFile; fileRef = A2000000000000000000000E /* action_schema.txt */; };
		A10000000000000000000010 /* JSStringEscaper.swift in Sources */ = {isa = PBXBuildFile; fileRef = A20000000000000000000010 /* JSStringEscaper.swift */; };
		A10000000000000000000011 /* ActionAllowlist.swift in Sources */ = {isa = PBXBuildFile; fileRef = A20000000000000000000011 /* ActionAllowlist.swift */; };
		A10000000000000000000012 /* OllamaEndpointValidator.swift in Sources */ = {isa = PBXBuildFile; fileRef = A20000000000000000000012 /* OllamaEndpointValidator.swift */; };
		A10000000000000000000013 /* BoxLayout.swift in Sources */ = {isa = PBXBuildFile; fileRef = A20000000000000000000013 /* BoxLayout.swift */; };
		A10000000000000000000014 /* ThemePalette.swift in Sources */ = {isa = PBXBuildFile; fileRef = A20000000000000000000014 /* ThemePalette.swift */; };
		A10000000000000000000026 /* ThemePaletteTests.swift in Sources */ = {isa = PBXBuildFile; fileRef = A20000000000000000000026 /* ThemePaletteTests.swift */; };
		A10000000000000000000025 /* BoxLayoutTests.swift in Sources */ = {isa = PBXBuildFile; fileRef = A20000000000000000000025 /* BoxLayoutTests.swift */; };
		A10000000000000000000020 /* JSStringEscaperSecurityTests.swift in Sources */ = {isa = PBXBuildFile; fileRef = A20000000000000000000020 /* JSStringEscaperSecurityTests.swift */; };
		A10000000000000000000021 /* ActionAllowlistSecurityTests.swift in Sources */ = {isa = PBXBuildFile; fileRef = A20000000000000000000021 /* ActionAllowlistSecurityTests.swift */; };
		A10000000000000000000022 /* ActionParserSecurityTests.swift in Sources */ = {isa = PBXBuildFile; fileRef = A20000000000000000000022 /* ActionParserSecurityTests.swift */; };
		A10000000000000000000023 /* OllamaEndpointValidatorSecurityTests.swift in Sources */ = {isa = PBXBuildFile; fileRef = A20000000000000000000023 /* OllamaEndpointValidatorSecurityTests.swift */; };
		A10000000000000000000024 /* KeynoteGPT.app in Frameworks */ = {isa = PBXBuildFile; fileRef = A30000000000000000000001 /* KeynoteGPT.app */; };
/* End PBXBuildFile section */

/* Begin PBXFileReference section */
		A20000000000000000000001 /* KeynoteGPTApp.swift */ = {isa = PBXFileReference; lastKnownFileType = sourcecode.swift; path = KeynoteGPTApp.swift; sourceTree = "<group>"; };
		A20000000000000000000002 /* ContentView.swift */ = {isa = PBXFileReference; lastKnownFileType = sourcecode.swift; path = ContentView.swift; sourceTree = "<group>"; };
		A20000000000000000000003 /* SettingsView.swift */ = {isa = PBXFileReference; lastKnownFileType = sourcecode.swift; path = SettingsView.swift; sourceTree = "<group>"; };
		A20000000000000000000004 /* ChatMessage.swift */ = {isa = PBXFileReference; lastKnownFileType = sourcecode.swift; path = ChatMessage.swift; sourceTree = "<group>"; };
		A20000000000000000000005 /* AppSettings.swift */ = {isa = PBXFileReference; lastKnownFileType = sourcecode.swift; path = AppSettings.swift; sourceTree = "<group>"; };
		A20000000000000000000006 /* ActionModels.swift */ = {isa = PBXFileReference; lastKnownFileType = sourcecode.swift; path = ActionModels.swift; sourceTree = "<group>"; };
		A20000000000000000000007 /* OllamaClient.swift */ = {isa = PBXFileReference; lastKnownFileType = sourcecode.swift; path = OllamaClient.swift; sourceTree = "<group>"; };
		A20000000000000000000008 /* KeynoteBridge.swift */ = {isa = PBXFileReference; lastKnownFileType = sourcecode.swift; path = KeynoteBridge.swift; sourceTree = "<group>"; };
		A20000000000000000000009 /* ActionParser.swift */ = {isa = PBXFileReference; lastKnownFileType = sourcecode.swift; path = ActionParser.swift; sourceTree = "<group>"; };
		A2000000000000000000000A /* PromptLoader.swift */ = {isa = PBXFileReference; lastKnownFileType = sourcecode.swift; path = PromptLoader.swift; sourceTree = "<group>"; };
		A2000000000000000000000B /* AgentOrchestrator.swift */ = {isa = PBXFileReference; lastKnownFileType = sourcecode.swift; path = AgentOrchestrator.swift; sourceTree = "<group>"; };
		A2000000000000000000000C /* Assets.xcassets */ = {isa = PBXFileReference; lastKnownFileType = folder.assetcatalog; path = Assets.xcassets; sourceTree = "<group>"; };
		A2000000000000000000000D /* system_prompt_rules.txt */ = {isa = PBXFileReference; lastKnownFileType = text; path = system_prompt_rules.txt; sourceTree = "<group>"; };
		A2000000000000000000000E /* action_schema.txt */ = {isa = PBXFileReference; lastKnownFileType = text; path = action_schema.txt; sourceTree = "<group>"; };
		A2000000000000000000000F /* Info.plist */ = {isa = PBXFileReference; lastKnownFileType = text.plist.xml; path = Info.plist; sourceTree = "<group>"; };
		A30000000000000000000001 /* KeynoteGPT.app */ = {isa = PBXFileReference; explicitFileType = wrapper.application; includeInIndex = 0; path = KeynoteGPT.app; sourceTree = BUILT_PRODUCTS_DIR; };
		A20000000000000000000010 /* JSStringEscaper.swift */ = {isa = PBXFileReference; lastKnownFileType = sourcecode.swift; path = JSStringEscaper.swift; sourceTree = "<group>"; };
		A20000000000000000000011 /* ActionAllowlist.swift */ = {isa = PBXFileReference; lastKnownFileType = sourcecode.swift; path = ActionAllowlist.swift; sourceTree = "<group>"; };
		A20000000000000000000012 /* OllamaEndpointValidator.swift */ = {isa = PBXFileReference; lastKnownFileType = sourcecode.swift; path = OllamaEndpointValidator.swift; sourceTree = "<group>"; };
		A20000000000000000000013 /* BoxLayout.swift */ = {isa = PBXFileReference; lastKnownFileType = sourcecode.swift; path = BoxLayout.swift; sourceTree = "<group>"; };
		A20000000000000000000014 /* ThemePalette.swift */ = {isa = PBXFileReference; lastKnownFileType = sourcecode.swift; path = ThemePalette.swift; sourceTree = "<group>"; };
		A20000000000000000000026 /* ThemePaletteTests.swift */ = {isa = PBXFileReference; lastKnownFileType = sourcecode.swift; path = ThemePaletteTests.swift; sourceTree = "<group>"; };
		A20000000000000000000025 /* BoxLayoutTests.swift */ = {isa = PBXFileReference; lastKnownFileType = sourcecode.swift; path = BoxLayoutTests.swift; sourceTree = "<group>"; };
		A20000000000000000000020 /* JSStringEscaperSecurityTests.swift */ = {isa = PBXFileReference; lastKnownFileType = sourcecode.swift; path = JSStringEscaperSecurityTests.swift; sourceTree = "<group>"; };
		A20000000000000000000021 /* ActionAllowlistSecurityTests.swift */ = {isa = PBXFileReference; lastKnownFileType = sourcecode.swift; path = ActionAllowlistSecurityTests.swift; sourceTree = "<group>"; };
		A20000000000000000000022 /* ActionParserSecurityTests.swift */ = {isa = PBXFileReference; lastKnownFileType = sourcecode.swift; path = ActionParserSecurityTests.swift; sourceTree = "<group>"; };
		A20000000000000000000023 /* OllamaEndpointValidatorSecurityTests.swift */ = {isa = PBXFileReference; lastKnownFileType = sourcecode.swift; path = OllamaEndpointValidatorSecurityTests.swift; sourceTree = "<group>"; };
		A30000000000000000000002 /* KeynoteGPTTests.xctest */ = {isa = PBXFileReference; explicitFileType = wrapper.cfbundle; includeInIndex = 0; path = KeynoteGPTTests.xctest; sourceTree = BUILT_PRODUCTS_DIR; };
/* End PBXFileReference section */

/* Begin PBXFrameworksBuildPhase section */
		A40000000000000000000001 /* Frameworks */ = {
			isa = PBXFrameworksBuildPhase;
			buildActionMask = 2147483647;
			files = (
			);
			runOnlyForDeploymentPostprocessing = 0;
		};
		A40000000000000000000002 /* Frameworks */ = {
			isa = PBXFrameworksBuildPhase;
			buildActionMask = 2147483647;
			files = (
				A10000000000000000000024 /* KeynoteGPT.app in Frameworks */,
			);
			runOnlyForDeploymentPostprocessing = 0;
		};
/* End PBXFrameworksBuildPhase section */

/* Begin PBXGroup section */
		A50000000000000000000001 = {
			isa = PBXGroup;
			children = (
				A50000000000000000000002 /* KeynoteGPT */,
				A50000000000000000000009 /* KeynoteGPTTests */,
				A50000000000000000000003 /* Products */,
			);
			sourceTree = "<group>";
		};
		A50000000000000000000002 /* KeynoteGPT */ = {
			isa = PBXGroup;
			children = (
				A20000000000000000000001 /* KeynoteGPTApp.swift */,
				A50000000000000000000004 /* Models */,
				A50000000000000000000005 /* Services */,
				A50000000000000000000008 /* Security */,
				A50000000000000000000006 /* Views */,
				A50000000000000000000007 /* Prompts */,
				A2000000000000000000000C /* Assets.xcassets */,
				A2000000000000000000000F /* Info.plist */,
			);
			path = KeynoteGPT;
			sourceTree = "<group>";
		};
		A50000000000000000000003 /* Products */ = {
			isa = PBXGroup;
			children = (
				A30000000000000000000001 /* KeynoteGPT.app */,
				A30000000000000000000002 /* KeynoteGPTTests.xctest */,
			);
			name = Products;
			sourceTree = "<group>";
		};
		A50000000000000000000008 /* Security */ = {
			isa = PBXGroup;
			children = (
				A20000000000000000000010 /* JSStringEscaper.swift */,
				A20000000000000000000011 /* ActionAllowlist.swift */,
				A20000000000000000000012 /* OllamaEndpointValidator.swift */,
			);
			path = Security;
			sourceTree = "<group>";
		};
		A50000000000000000000009 /* KeynoteGPTTests */ = {
			isa = PBXGroup;
			children = (
				A20000000000000000000020 /* JSStringEscaperSecurityTests.swift */,
				A20000000000000000000021 /* ActionAllowlistSecurityTests.swift */,
				A20000000000000000000022 /* ActionParserSecurityTests.swift */,
				A20000000000000000000023 /* OllamaEndpointValidatorSecurityTests.swift */,
				A20000000000000000000025 /* BoxLayoutTests.swift */,
				A20000000000000000000026 /* ThemePaletteTests.swift */,
			);
			path = KeynoteGPTTests;
			sourceTree = "<group>";
		};
		A50000000000000000000004 /* Models */ = {
			isa = PBXGroup;
			children = (
				A20000000000000000000004 /* ChatMessage.swift */,
				A20000000000000000000005 /* AppSettings.swift */,
				A20000000000000000000006 /* ActionModels.swift */,
			);
			path = Models;
			sourceTree = "<group>";
		};
		A50000000000000000000005 /* Services */ = {
			isa = PBXGroup;
			children = (
				A20000000000000000000007 /* OllamaClient.swift */,
				A20000000000000000000008 /* KeynoteBridge.swift */,
				A20000000000000000000009 /* ActionParser.swift */,
				A2000000000000000000000A /* PromptLoader.swift */,
				A2000000000000000000000B /* AgentOrchestrator.swift */,
				A20000000000000000000013 /* BoxLayout.swift */,
				A20000000000000000000014 /* ThemePalette.swift */,
			);
			path = Services;
			sourceTree = "<group>";
		};
		A50000000000000000000006 /* Views */ = {
			isa = PBXGroup;
			children = (
				A20000000000000000000002 /* ContentView.swift */,
				A20000000000000000000003 /* SettingsView.swift */,
			);
			path = Views;
			sourceTree = "<group>";
		};
		A50000000000000000000007 /* Prompts */ = {
			isa = PBXGroup;
			children = (
				A2000000000000000000000D /* system_prompt_rules.txt */,
				A2000000000000000000000E /* action_schema.txt */,
			);
			path = Prompts;
			sourceTree = "<group>";
		};
/* End PBXGroup section */

/* Begin PBXNativeTarget section */
		A60000000000000000000001 /* KeynoteGPT */ = {
			isa = PBXNativeTarget;
			buildConfigurationList = A80000000000000000000003 /* Build configuration list for PBXNativeTarget "KeynoteGPT" */;
			buildPhases = (
				A70000000000000000000001 /* Sources */,
				A40000000000000000000001 /* Frameworks */,
				A70000000000000000000002 /* Resources */,
			);
			buildRules = (
			);
			dependencies = (
			);
			name = KeynoteGPT;
			productName = KeynoteGPT;
			productReference = A30000000000000000000001 /* KeynoteGPT.app */;
			productType = "com.apple.product-type.application";
		};
		A60000000000000000000002 /* KeynoteGPTTests */ = {
			isa = PBXNativeTarget;
			buildConfigurationList = A80000000000000000000008 /* Build configuration list for PBXNativeTarget "KeynoteGPTTests" */;
			buildPhases = (
				A70000000000000000000003 /* Sources */,
				A40000000000000000000002 /* Frameworks */,
				A70000000000000000000004 /* Resources */,
			);
			buildRules = (
			);
			dependencies = (
				A61000000000000000000001 /* PBXTargetDependency */,
			);
			name = KeynoteGPTTests;
			productName = KeynoteGPTTests;
			productReference = A30000000000000000000002 /* KeynoteGPTTests.xctest */;
			productType = "com.apple.product-type.bundle.unit-test";
		};
/* End PBXNativeTarget section */

/* Begin PBXContainerItemProxy section */
		A61000000000000000000002 /* PBXContainerItemProxy */ = {
			isa = PBXContainerItemProxy;
			containerPortal = A90000000000000000000001 /* Project object */;
			proxyType = 1;
			remoteGlobalIDString = A60000000000000000000001;
			remoteInfo = KeynoteGPT;
		};
/* End PBXContainerItemProxy section */

/* Begin PBXTargetDependency section */
		A61000000000000000000001 /* PBXTargetDependency */ = {
			isa = PBXTargetDependency;
			target = A60000000000000000000001 /* KeynoteGPT */;
			targetProxy = A61000000000000000000002 /* PBXContainerItemProxy */;
		};
/* End PBXTargetDependency section */

/* Begin PBXProject section */
		A90000000000000000000001 /* Project object */ = {
			isa = PBXProject;
			attributes = {
				BuildIndependentTargetsInParallel = 1;
				LastSwiftUpdateCheck = 2600;
				LastUpgradeCheck = 2600;
				TargetAttributes = {
					A60000000000000000000001 = {
						CreatedOnToolsVersion = 26.0;
					};
					A60000000000000000000002 = {
						CreatedOnToolsVersion = 26.0;
						TestTargetID = A60000000000000000000001;
					};
				};
			};
			buildConfigurationList = A80000000000000000000001 /* Build configuration list for PBXProject "KeynoteGPT" */;
			compatibilityVersion = "Xcode 14.0";
			developmentRegion = en;
			hasScannedForEncodings = 0;
			knownRegions = (
				en,
				Base,
			);
			mainGroup = A50000000000000000000001;
			productRefGroup = A50000000000000000000003 /* Products */;
			projectDirPath = "";
			projectRoot = "";
			targets = (
				A60000000000000000000001 /* KeynoteGPT */,
				A60000000000000000000002 /* KeynoteGPTTests */,
			);
		};
/* End PBXProject section */

/* Begin PBXResourcesBuildPhase section */
		A70000000000000000000002 /* Resources */ = {
			isa = PBXResourcesBuildPhase;
			buildActionMask = 2147483647;
			files = (
				A1000000000000000000000C /* Assets.xcassets in Resources */,
				A1000000000000000000000D /* system_prompt_rules.txt in Resources */,
				A1000000000000000000000E /* action_schema.txt in Resources */,
			);
			runOnlyForDeploymentPostprocessing = 0;
		};
		A70000000000000000000004 /* Resources */ = {
			isa = PBXResourcesBuildPhase;
			buildActionMask = 2147483647;
			files = (
			);
			runOnlyForDeploymentPostprocessing = 0;
		};
/* End PBXResourcesBuildPhase section */

/* Begin PBXSourcesBuildPhase section */
		A70000000000000000000001 /* Sources */ = {
			isa = PBXSourcesBuildPhase;
			buildActionMask = 2147483647;
			files = (
				A10000000000000000000001 /* KeynoteGPTApp.swift in Sources */,
				A10000000000000000000002 /* ContentView.swift in Sources */,
				A10000000000000000000003 /* SettingsView.swift in Sources */,
				A10000000000000000000004 /* ChatMessage.swift in Sources */,
				A10000000000000000000005 /* AppSettings.swift in Sources */,
				A10000000000000000000006 /* ActionModels.swift in Sources */,
				A10000000000000000000007 /* OllamaClient.swift in Sources */,
				A10000000000000000000008 /* KeynoteBridge.swift in Sources */,
				A10000000000000000000009 /* ActionParser.swift in Sources */,
				A1000000000000000000000A /* PromptLoader.swift in Sources */,
				A1000000000000000000000B /* AgentOrchestrator.swift in Sources */,
				A10000000000000000000010 /* JSStringEscaper.swift in Sources */,
				A10000000000000000000011 /* ActionAllowlist.swift in Sources */,
				A10000000000000000000012 /* OllamaEndpointValidator.swift in Sources */,
				A10000000000000000000013 /* BoxLayout.swift in Sources */,
				A10000000000000000000014 /* ThemePalette.swift in Sources */,
			);
			runOnlyForDeploymentPostprocessing = 0;
		};
		A70000000000000000000003 /* Sources */ = {
			isa = PBXSourcesBuildPhase;
			buildActionMask = 2147483647;
			files = (
				A10000000000000000000020 /* JSStringEscaperSecurityTests.swift in Sources */,
				A10000000000000000000021 /* ActionAllowlistSecurityTests.swift in Sources */,
				A10000000000000000000022 /* ActionParserSecurityTests.swift in Sources */,
				A10000000000000000000023 /* OllamaEndpointValidatorSecurityTests.swift in Sources */,
				A10000000000000000000025 /* BoxLayoutTests.swift in Sources */,
				A10000000000000000000026 /* ThemePaletteTests.swift in Sources */,
			);
			runOnlyForDeploymentPostprocessing = 0;
		};
/* End PBXSourcesBuildPhase section */

/* Begin XCBuildConfiguration section */
		A80000000000000000000004 /* Debug */ = {
			isa = XCBuildConfiguration;
			buildSettings = {
				ALWAYS_SEARCH_USER_PATHS = NO;
				CLANG_ENABLE_MODULES = YES;
				COPY_PHASE_STRIP = NO;
				DEBUG_INFORMATION_FORMAT = dwarf;
				ENABLE_TESTABILITY = YES;
				GCC_DYNAMIC_NO_PIC = NO;
				MACOSX_DEPLOYMENT_TARGET = 14.0;
				ONLY_ACTIVE_ARCH = YES;
				SDKROOT = macosx;
				SWIFT_ACTIVE_COMPILATION_CONDITIONS = DEBUG;
				SWIFT_OPTIMIZATION_LEVEL = "-Onone";
			};
			name = Debug;
		};
		A80000000000000000000005 /* Release */ = {
			isa = XCBuildConfiguration;
			buildSettings = {
				ALWAYS_SEARCH_USER_PATHS = NO;
				CLANG_ENABLE_MODULES = YES;
				COPY_PHASE_STRIP = NO;
				DEBUG_INFORMATION_FORMAT = "dwarf-with-dsym";
				MACOSX_DEPLOYMENT_TARGET = 14.0;
				SDKROOT = macosx;
				SWIFT_COMPILATION_MODE = wholemodule;
			};
			name = Release;
		};
		A80000000000000000000006 /* Debug */ = {
			isa = XCBuildConfiguration;
			buildSettings = {
				ASSETCATALOG_COMPILER_APPICON_NAME = AppIcon;
				ASSETCATALOG_COMPILER_GLOBAL_ACCENT_COLOR_NAME = AccentColor;
				CODE_SIGN_IDENTITY = "-";
				CODE_SIGN_STYLE = Automatic;
				COMBINE_HIDPI_IMAGES = YES;
				CURRENT_PROJECT_VERSION = 2;
				CODE_SIGN_ENTITLEMENTS = KeynoteGPT/KeynoteGPT.entitlements;
				ENABLE_HARDENED_RUNTIME = YES;
				GENERATE_INFOPLIST_FILE = NO;
				INFOPLIST_FILE = KeynoteGPT/Info.plist;
				INFOPLIST_KEY_NSHumanReadableCopyright = "";
				LD_RUNPATH_SEARCH_PATHS = (
					"$(inherited)",
					"@executable_path/../Frameworks",
				);
				MARKETING_VERSION = 0.2;
				ENABLE_TESTABILITY = YES;
				PRODUCT_BUNDLE_IDENTIFIER = com.raino.KeynoteGPT;
				PRODUCT_NAME = "$(TARGET_NAME)";
				SWIFT_EMIT_LOC_STRINGS = YES;
				SWIFT_VERSION = 5.0;
			};
			name = Debug;
		};
		A80000000000000000000007 /* Release */ = {
			isa = XCBuildConfiguration;
			buildSettings = {
				ASSETCATALOG_COMPILER_APPICON_NAME = AppIcon;
				ASSETCATALOG_COMPILER_GLOBAL_ACCENT_COLOR_NAME = AccentColor;
				CODE_SIGN_IDENTITY = "-";
				CODE_SIGN_STYLE = Automatic;
				COMBINE_HIDPI_IMAGES = YES;
				CURRENT_PROJECT_VERSION = 2;
				CODE_SIGN_ENTITLEMENTS = KeynoteGPT/KeynoteGPT.entitlements;
				ENABLE_HARDENED_RUNTIME = YES;
				GENERATE_INFOPLIST_FILE = NO;
				INFOPLIST_FILE = KeynoteGPT/Info.plist;
				INFOPLIST_KEY_NSHumanReadableCopyright = "";
				LD_RUNPATH_SEARCH_PATHS = (
					"$(inherited)",
					"@executable_path/../Frameworks",
				);
				MARKETING_VERSION = 0.2;
				PRODUCT_BUNDLE_IDENTIFIER = com.raino.KeynoteGPT;
				PRODUCT_NAME = "$(TARGET_NAME)";
				SWIFT_EMIT_LOC_STRINGS = YES;
				SWIFT_VERSION = 5.0;
			};
			name = Release;
		};
		A80000000000000000000009 /* Debug */ = {
			isa = XCBuildConfiguration;
			buildSettings = {
				BUNDLE_LOADER = "$(TEST_HOST)";
				CODE_SIGN_IDENTITY = "-";
				CODE_SIGN_STYLE = Automatic;
				CURRENT_PROJECT_VERSION = 2;
				GENERATE_INFOPLIST_FILE = YES;
				MARKETING_VERSION = 0.2;
				PRODUCT_BUNDLE_IDENTIFIER = com.raino.KeynoteGPTTests;
				PRODUCT_NAME = "$(TARGET_NAME)";
				SWIFT_EMIT_LOC_STRINGS = NO;
				SWIFT_VERSION = 5.0;
				TEST_HOST = "$(BUILT_PRODUCTS_DIR)/KeynoteGPT.app/Contents/MacOS/KeynoteGPT";
			};
			name = Debug;
		};
		A8000000000000000000000A /* Release */ = {
			isa = XCBuildConfiguration;
			buildSettings = {
				BUNDLE_LOADER = "$(TEST_HOST)";
				CODE_SIGN_IDENTITY = "-";
				CODE_SIGN_STYLE = Automatic;
				CURRENT_PROJECT_VERSION = 2;
				GENERATE_INFOPLIST_FILE = YES;
				MARKETING_VERSION = 0.2;
				PRODUCT_BUNDLE_IDENTIFIER = com.raino.KeynoteGPTTests;
				PRODUCT_NAME = "$(TARGET_NAME)";
				SWIFT_EMIT_LOC_STRINGS = NO;
				SWIFT_VERSION = 5.0;
				TEST_HOST = "$(BUILT_PRODUCTS_DIR)/KeynoteGPT.app/Contents/MacOS/KeynoteGPT";
			};
			name = Release;
		};
/* End XCBuildConfiguration section */

/* Begin XCConfigurationList section */
		A80000000000000000000001 /* Build configuration list for PBXProject "KeynoteGPT" */ = {
			isa = XCConfigurationList;
			buildConfigurations = (
				A80000000000000000000004 /* Debug */,
				A80000000000000000000005 /* Release */,
			);
			defaultConfigurationIsVisible = 0;
			defaultConfigurationName = Release;
		};
		A80000000000000000000003 /* Build configuration list for PBXNativeTarget "KeynoteGPT" */ = {
			isa = XCConfigurationList;
			buildConfigurations = (
				A80000000000000000000006 /* Debug */,
				A80000000000000000000007 /* Release */,
			);
			defaultConfigurationIsVisible = 0;
			defaultConfigurationName = Release;
		};
		A80000000000000000000008 /* Build configuration list for PBXNativeTarget "KeynoteGPTTests" */ = {
			isa = XCConfigurationList;
			buildConfigurations = (
				A80000000000000000000009 /* Debug */,
				A8000000000000000000000A /* Release */,
			);
			defaultConfigurationIsVisible = 0;
			defaultConfigurationName = Release;
		};
/* End XCConfigurationList section */
	};
	rootObject = A90000000000000000000001 /* Project object */;
}
